// !$*UTF8*$!
{
	archiveVersion = 1;
	classes = {
	};
	objectVersion = 51;
	objects = {

/* Begin PBXBuildFile section */
		33DDB17D4678153755A1B265 /* Pods_ProyectoDAM2.framework in Frameworks */ = {isa = PBXBuildFile; fileRef = 29D93AF53E1EF0BB85EABAE2 /* Pods_ProyectoDAM2.framework */; };
		AC64415824CE897600BC810A /* GoogleService-Info.plist in Resources */ = {isa = PBXBuildFile; fileRef = AC64415724CE897600BC810A /* GoogleService-Info.plist */; };
		AC64415A24CEA8DC00BC810A /* HomeViewController.swift in Sources */ = {isa = PBXBuildFile; fileRef = AC64415924CEA8DC00BC810A /* HomeViewController.swift */; };
		AC64415C24CEB57200BC810A /* HomeViewController.xib in Resources */ = {isa = PBXBuildFile; fileRef = AC64415B24CEB57200BC810A /* HomeViewController.xib */; };
		AC64415E24CF11EC00BC810A /* .gitignore in Resources */ = {isa = PBXBuildFile; fileRef = AC64415D24CF11EC00BC810A /* .gitignore */; };
		ACF67A2C24CD0A90001E7F1D /* AppDelegate.swift in Sources */ = {isa = PBXBuildFile; fileRef = ACF67A2B24CD0A90001E7F1D /* AppDelegate.swift */; };
		ACF67A2E24CD0A90001E7F1D /* SceneDelegate.swift in Sources */ = {isa = PBXBuildFile; fileRef = ACF67A2D24CD0A90001E7F1D /* SceneDelegate.swift */; };
		ACF67A3024CD0A91001E7F1D /* AuthViewController.swift in Sources */ = {isa = PBXBuildFile; fileRef = ACF67A2F24CD0A91001E7F1D /* AuthViewController.swift */; };
		ACF67A3324CD0A91001E7F1D /* Main.storyboard in Resources */ = {isa = PBXBuildFile; fileRef = ACF67A3124CD0A91001E7F1D /* Main.storyboard */; };
		ACF67A3524CD0AF8001E7F1D /* Assets.xcassets in Resources */ = {isa = PBXBuildFile; fileRef = ACF67A3424CD0AF8001E7F1D /* Assets.xcassets */; };
		ACF67A3824CD0AF8001E7F1D /* LaunchScreen.storyboard in Resources */ = {isa = PBXBuildFile; fileRef = ACF67A3624CD0AF8001E7F1D /* LaunchScreen.storyboard */; };
/* End PBXBuildFile section */

/* Begin PBXFileReference section */
		29D93AF53E1EF0BB85EABAE2 /* Pods_ProyectoDAM2.framework */ = {isa = PBXFileReference; explicitFileType = wrapper.framework; includeInIndex = 0; path = Pods_ProyectoDAM2.framework; sourceTree = BUILT_PRODUCTS_DIR; };
		AC64415724CE897600BC810A /* GoogleService-Info.plist */ = {isa = PBXFileReference; fileEncoding = 4; lastKnownFileType = text.plist.xml; path = "GoogleService-Info.plist"; sourceTree = "<group>"; };
		AC64415924CEA8DC00BC810A /* HomeViewController.swift */ = {isa = PBXFileReference; lastKnownFileType = sourcecode.swift; path = HomeViewController.swift; sourceTree = "<group>"; };
		AC64415B24CEB57200BC810A /* HomeViewController.xib */ = {isa = PBXFileReference; lastKnownFileType = file.xib; path = HomeViewController.xib; sourceTree = "<group>"; };
		AC64415D24CF11EC00BC810A /* .gitignore */ = {isa = PBXFileReference; lastKnownFileType = text; path = .gitignore; sourceTree = "<group>"; };
		ACF67A2824CD0A90001E7F1D /* ProyectoDAM2.app */ = {isa = PBXFileReference; explicitFileType = wrapper.application; includeInIndex = 0; path = ProyectoDAM2.app; sourceTree = BUILT_PRODUCTS_DIR; };
		ACF67A2B24CD0A90001E7F1D /* AppDelegate.swift */ = {isa = PBXFileReference; lastKnownFileType = sourcecode.swift; path = AppDelegate.swift; sourceTree = "<group>"; };
		ACF67A2D24CD0A90001E7F1D /* SceneDelegate.swift */ = {isa = PBXFileReference; lastKnownFileType = sourcecode.swift; path = SceneDelegate.swift; sourceTree = "<group>"; };
		ACF67A2F24CD0A91001E7F1D /* AuthViewController.swift */ = {isa = PBXFileReference; lastKnownFileType = sourcecode.swift; path = AuthViewController.swift; sourceTree = "<group>"; };
		ACF67A3224CD0A91001E7F1D /* Base */ = {isa = PBXFileReference; lastKnownFileType = file.storyboard; name = Base; path = Base.lproj/Main.storyboard; sourceTree = "<group>"; };
		ACF67A3424CD0AF8001E7F1D /* Assets.xcassets */ = {isa = PBXFileReference; lastKnownFileType = folder.assetcatalog; path = Assets.xcassets; sourceTree = "<group>"; };
		ACF67A3724CD0AF8001E7F1D /* Base */ = {isa = PBXFileReference; lastKnownFileType = file.storyboard; name = Base; path = Base.lproj/LaunchScreen.storyboard; sourceTree = "<group>"; };
		ACF67A3924CD0AF8001E7F1D /* Info.plist */ = {isa = PBXFileReference; lastKnownFileType = text.plist.xml; path = Info.plist; sourceTree = "<group>"; };
		DBEAF574B15DEB57C3ED9F1E /* Pods-ProyectoDAM2.release.xcconfig */ = {isa = PBXFileReference; includeInIndex = 1; lastKnownFileType = text.xcconfig; name = "Pods-ProyectoDAM2.release.xcconfig"; path = "Target Support Files/Pods-ProyectoDAM2/Pods-ProyectoDAM2.release.xcconfig"; sourceTree = "<group>"; };
		FA58E08E3983935CF73DD437 /* Pods-ProyectoDAM2.debug.xcconfig */ = {isa = PBXFileReference; includeInIndex = 1; lastKnownFileType = text.xcconfig; name = "Pods-ProyectoDAM2.debug.xcconfig"; path = "Target Support Files/Pods-ProyectoDAM2/Pods-ProyectoDAM2.debug.xcconfig"; sourceTree = "<group>"; };
/* End PBXFileReference section */

/* Begin PBXFrameworksBuildPhase section */
		ACF67A2524CD0A90001E7F1D /* Frameworks */ = {
			isa = PBXFrameworksBuildPhase;
			buildActionMask = 2147483647;
			files = (
				33DDB17D4678153755A1B265 /* Pods_ProyectoDAM2.framework in Frameworks */,
			);
			runOnlyForDeploymentPostprocessing = 0;
		};
/* End PBXFrameworksBuildPhase section */

/* Begin PBXGroup section */
		763EC2493F12FF5B20093E51 /* Frameworks */ = {
			isa = PBXGroup;
			children = (
				29D93AF53E1EF0BB85EABAE2 /* Pods_ProyectoDAM2.framework */,
			);
			name = Frameworks;
			sourceTree = "<group>";
		};
		9157EDF2BF54C365046D25A4 /* Pods */ = {
			isa = PBXGroup;
			children = (
				FA58E08E3983935CF73DD437 /* Pods-ProyectoDAM2.debug.xcconfig */,
				DBEAF574B15DEB57C3ED9F1E /* Pods-ProyectoDAM2.release.xcconfig */,
			);
			path = Pods;
			sourceTree = "<group>";
		};
		ACF67A1F24CD0A8F001E7F1D = {
			isa = PBXGroup;
			children = (
				AC64415D24CF11EC00BC810A /* .gitignore */,
				ACF67A2A24CD0A90001E7F1D /* ProyectoDAM2 */,
				ACF67A2924CD0A90001E7F1D /* Products */,
				9157EDF2BF54C365046D25A4 /* Pods */,
				763EC2493F12FF5B20093E51 /* Frameworks */,
			);
			sourceTree = "<group>";
		};
		ACF67A2924CD0A90001E7F1D /* Products */ = {
			isa = PBXGroup;
			children = (
				ACF67A2824CD0A90001E7F1D /* ProyectoDAM2.app */,
			);
			name = Products;
			sourceTree = "<group>";
		};
		ACF67A2A24CD0A90001E7F1D /* ProyectoDAM2 */ = {
			isa = PBXGroup;
			children = (
				AC64415724CE897600BC810A /* GoogleService-Info.plist */,
				ACF67A2B24CD0A90001E7F1D /* AppDelegate.swift */,
				ACF67A2D24CD0A90001E7F1D /* SceneDelegate.swift */,
				ACF67A2F24CD0A91001E7F1D /* AuthViewController.swift */,
				ACF67A3124CD0A91001E7F1D /* Main.storyboard */,
				ACF67A3424CD0AF8001E7F1D /* Assets.xcassets */,
				ACF67A3624CD0AF8001E7F1D /* LaunchScreen.storyboard */,
				ACF67A3924CD0AF8001E7F1D /* Info.plist */,
				AC64415924CEA8DC00BC810A /* HomeViewController.swift */,
				AC64415B24CEB57200BC810A /* HomeViewController.xib */,
			);
			path = ProyectoDAM2;
			sourceTree = "<group>";
		};
/* End PBXGroup section */

/* Begin PBXNativeTarget section */
		ACF67A2724CD0A90001E7F1D /* ProyectoDAM2 */ = {
			isa = PBXNativeTarget;
			buildConfigurationList = ACF67A3C24CD0AF8001E7F1D /* Build configuration list for PBXNativeTarget "ProyectoDAM2" */;
			buildPhases = (
				36C8E75BB26FBA74BD050CA7 /* [CP] Check Pods Manifest.lock */,
				ACF67A2424CD0A90001E7F1D /* Sources */,
				ACF67A2524CD0A90001E7F1D /* Frameworks */,
				ACF67A2624CD0A90001E7F1D /* Resources */,
				385C5C3CF971724026C5F999 /* [CP] Embed Pods Frameworks */,
				D4652BA8D9404D1A81859AA9 /* [CP] Copy Pods Resources */,
			);
			buildRules = (
			);
			dependencies = (
			);
			name = ProyectoDAM2;
			productName = ProyectoDAM2;
			productReference = ACF67A2824CD0A90001E7F1D /* ProyectoDAM2.app */;
			productType = "com.apple.product-type.application";
		};
/* End PBXNativeTarget section */

/* Begin PBXProject section */
		ACF67A2024CD0A8F001E7F1D /* Project object */ = {
			isa = PBXProject;
			attributes = {
				LastSwiftUpdateCheck = 1150;
				LastUpgradeCheck = 1150;
				ORGANIZATIONNAME = "Luis Javier Bustamante Rodriguez";
				TargetAttributes = {
					ACF67A2724CD0A90001E7F1D = {
						CreatedOnToolsVersion = 11.5;
					};
				};
			};
			buildConfigurationList = ACF67A2324CD0A8F001E7F1D /* Build configuration list for PBXProject "ProyectoDAM2" */;
			compatibilityVersion = "Xcode 9.3";
			developmentRegion = en;
			hasScannedForEncodings = 0;
			knownRegions = (
				en,
				Base,
			);
			mainGroup = ACF67A1F24CD0A8F001E7F1D;
			productRefGroup = ACF67A2924CD0A90001E7F1D /* Products */;
			projectDirPath = "";
			projectRoot = "";
			targets = (
				ACF67A2724CD0A90001E7F1D /* ProyectoDAM2 */,
			);
		};
/* End PBXProject section */

/* Begin PBXResourcesBuildPhase section */
		ACF67A2624CD0A90001E7F1D /* Resources */ = {
			isa = PBXResourcesBuildPhase;
			buildActionMask = 2147483647;
			files = (
				ACF67A3824CD0AF8001E7F1D /* LaunchScreen.storyboard in Resources */,
				AC64415824CE897600BC810A /* GoogleService-Info.plist in Resources */,
				AC64415C24CEB57200BC810A /* HomeViewController.xib in Resources */,
				ACF67A3524CD0AF8001E7F1D /* Assets.xcassets in Resources */,
				AC64415E24CF11EC00BC810A /* .gitignore in Resources */,
				ACF67A3324CD0A91001E7F1D /* Main.storyboard in Resources */,
			);
			runOnlyForDeploymentPostprocessing = 0;
		};
/* End PBXResourcesBuildPhase section */

/* Begin PBXShellScriptBuildPhase section */
		36C8E75BB26FBA74BD050CA7 /* [CP] Check Pods Manifest.lock */ = {
			isa = PBXShellScriptBuildPhase;
			buildActionMask = 2147483647;
			files = (
			);
			inputFileListPaths = (
			);
			inputPaths = (
				"${PODS_PODFILE_DIR_PATH}/Podfile.lock",
				"${PODS_ROOT}/Manifest.lock",
			);
			name = "[CP] Check Pods Manifest.lock";
			outputFileListPaths = (
			);
			outputPaths = (
				"$(DERIVED_FILE_DIR)/Pods-ProyectoDAM2-checkManifestLockResult.txt",
			);
			runOnlyForDeploymentPostprocessing = 0;
			shellPath = /bin/sh;
			shellScript = "diff \"${PODS_PODFILE_DIR_PATH}/Podfile.lock\" \"${PODS_ROOT}/Manifest.lock\" > /dev/null\nif [ $? != 0 ] ; then\n    # print error to STDERR\n    echo \"error: The sandbox is not in sync with the Podfile.lock. Run 'pod install' or update your CocoaPods installation.\" >&2\n    exit 1\nfi\n# This output is used by Xcode 'outputs' to avoid re-running this script phase.\necho \"SUCCESS\" > \"${SCRIPT_OUTPUT_FILE_0}\"\n";
			showEnvVarsInLog = 0;
		};
		385C5C3CF971724026C5F999 /* [CP] Embed Pods Frameworks */ = {
			isa = PBXShellScriptBuildPhase;
			buildActionMask = 2147483647;
			files = (
			);
			inputFileListPaths = (
				"${PODS_ROOT}/Target Support Files/Pods-ProyectoDAM2/Pods-ProyectoDAM2-frameworks-${CONFIGURATION}-input-files.xcfilelist",
			);
			name = "[CP] Embed Pods Frameworks";
			outputFileListPaths = (
				"${PODS_ROOT}/Target Support Files/Pods-ProyectoDAM2/Pods-ProyectoDAM2-frameworks-${CONFIGURATION}-output-files.xcfilelist",
			);
			runOnlyForDeploymentPostprocessing = 0;
			shellPath = /bin/sh;
			shellScript = "\"${PODS_ROOT}/Target Support Files/Pods-ProyectoDAM2/Pods-ProyectoDAM2-frameworks.sh\"\n";
			showEnvVarsInLog = 0;
		};
		D4652BA8D9404D1A81859AA9 /* [CP] Copy Pods Resources */ = {
			isa = PBXShellScriptBuildPhase;
			buildActionMask = 2147483647;
			files = (
			);
			inputFileListPaths = (
				"${PODS_ROOT}/Target Support Files/Pods-ProyectoDAM2/Pods-ProyectoDAM2-resources-${CONFIGURATION}-input-files.xcfilelist",
			);
			name = "[CP] Copy Pods Resources";
			outputFileListPaths = (
				"${PODS_ROOT}/Target Support Files/Pods-ProyectoDAM2/Pods-ProyectoDAM2-resources-${CONFIGURATION}-output-files.xcfilelist",
			);
			runOnlyForDeploymentPostprocessing = 0;
			shellPath = /bin/sh;
			shellScript = "\"${PODS_ROOT}/Target Support Files/Pods-ProyectoDAM2/Pods-ProyectoDAM2-resources.sh\"\n";
			showEnvVarsInLog = 0;
		};
/* End PBXShellScriptBuildPhase section */

/* Begin PBXSourcesBuildPhase section */
		ACF67A2424CD0A90001E7F1D /* Sources */ = {
			isa = PBXSourcesBuildPhase;
			buildActionMask = 2147483647;
			files = (
				ACF67A3024CD0A91001E7F1D /* AuthViewController.swift in Sources */,
				ACF67A2C24CD0A90001E7F1D /* AppDelegate.swift in Sources */,
				ACF67A2E24CD0A90001E7F1D /* SceneDelegate.swift in Sources */,
				AC64415A24CEA8DC00BC810A /* HomeViewController.swift in Sources */,
			);
			runOnlyForDeploymentPostprocessing = 0;
		};
/* End PBXSourcesBuildPhase section */

/* Begin PBXVariantGroup section */
		ACF67A3124CD0A91001E7F1D /* Main.storyboard */ = {
			isa = PBXVariantGroup;
			children = (
				ACF67A3224CD0A91001E7F1D /* Base */,
			);
			name = Main.storyboard;
			sourceTree = "<group>";
		};
		ACF67A3624CD0AF8001E7F1D /* LaunchScreen.storyboard */ = {
			isa = PBXVariantGroup;
			children = (
				ACF67A3724CD0AF8001E7F1D /* Base */,
			);
			name = LaunchScreen.storyboard;
			sourceTree = "<group>";
		};
/* End PBXVariantGroup section */

/* Begin XCBuildConfiguration section */
		ACF67A3A24CD0AF8001E7F1D /* Debug */ = {
			isa = XCBuildConfiguration;
			buildSettings = {
				ALWAYS_SEARCH_USER_PATHS = NO;
				CLANG_ANALYZER_NONNULL = YES;
				CLANG_ANALYZER_NUMBER_OBJECT_CONVERSION = YES_AGGRESSIVE;
				CLANG_CXX_LANGUAGE_STANDARD = "gnu++14";
				CLANG_CXX_LIBRARY = "libc++";
				CLANG_ENABLE_MODULES = YES;
				CLANG_ENABLE_OBJC_ARC = YES;
				CLANG_ENABLE_OBJC_WEAK = YES;
				CLANG_WARN_BLOCK_CAPTURE_AUTORELEASING = YES;
				CLANG_WARN_BOOL_CONVERSION = YES;
				CLANG_WARN_COMMA = YES;
				CLANG_WARN_CONSTANT_CONVERSION = YES;
				CLANG_WARN_DEPRECATED_OBJC_IMPLEMENTATIONS = YES;
				CLANG_WARN_DIRECT_OBJC_ISA_USAGE = YES_ERROR;
				CLANG_WARN_DOCUMENTATION_COMMENTS = YES;
				CLANG_WARN_EMPTY_BODY = YES;
				CLANG_WARN_ENUM_CONVERSION = YES;
				CLANG_WARN_INFINITE_RECURSION = YES;
				CLANG_WARN_INT_CONVERSION = YES;
				CLANG_WARN_NON_LITERAL_NULL_CONVERSION = YES;
				CLANG_WARN_OBJC_IMPLICIT_RETAIN_SELF = YES;
				CLANG_WARN_OBJC_LITERAL_CONVERSION = YES;
				CLANG_WARN_OBJC_ROOT_CLASS = YES_ERROR;
				CLANG_WARN_RANGE_LOOP_ANALYSIS = YES;
				CLANG_WARN_STRICT_PROTOTYPES = YES;
				CLANG_WARN_SUSPICIOUS_MOVE = YES;
				CLANG_WARN_UNGUARDED_AVAILABILITY = YES_AGGRESSIVE;
				CLANG_WARN_UNREACHABLE_CODE = YES;
				CLANG_WARN__DUPLICATE_METHOD_MATCH = YES;
				COPY_PHASE_STRIP = NO;
				DEBUG_INFORMATION_FORMAT = dwarf;
				ENABLE_STRICT_OBJC_MSGSEND = YES;
				ENABLE_TESTABILITY = YES;
				GCC_C_LANGUAGE_STANDARD = gnu11;
				GCC_DYNAMIC_NO_PIC = NO;
				GCC_NO_COMMON_BLOCKS = YES;
				GCC_OPTIMIZATION_LEVEL = 0;
				GCC_PREPROCESSOR_DEFINITIONS = (
					"DEBUG=1",
					"$(inherited)",
				);
				GCC_WARN_64_TO_32_BIT_CONVERSION = YES;
				GCC_WARN_ABOUT_RETURN_TYPE = YES_ERROR;
				GCC_WARN_UNDECLARED_SELECTOR = YES;
				GCC_WARN_UNINITIALIZED_AUTOS = YES_AGGRESSIVE;
				GCC_WARN_UNUSED_FUNCTION = YES;
				GCC_WARN_UNUSED_VARIABLE = YES;
				IPHONEOS_DEPLOYMENT_TARGET = 13.5;
				MTL_ENABLE_DEBUG_INFO = INCLUDE_SOURCE;
				MTL_FAST_MATH = YES;
				ONLY_ACTIVE_ARCH = YES;
				SDKROOT = iphoneos;
				SWIFT_ACTIVE_COMPILATION_CONDITIONS = DEBUG;
				SWIFT_OPTIMIZATION_LEVEL = "-Onone";
			};
			name = Debug;
		};
		ACF67A3B24CD0AF8001E7F1D /* Release */ = {
			isa = XCBuildConfiguration;
			buildSettings = {
				ALWAYS_SEARCH_USER_PATHS = NO;
				CLANG_ANALYZER_NONNULL = YES;
				CLANG_ANALYZER_NUMBER_OBJECT_CONVERSION = YES_AGGRESSIVE;
				CLANG_CXX_LANGUAGE_STANDARD = "gnu++14";
				CLANG_CXX_LIBRARY = "libc++";
				CLANG_ENABLE_MODULES = YES;
				CLANG_ENABLE_OBJC_ARC = YES;
				CLANG_ENABLE_OBJC_WEAK = YES;
				CLANG_WARN_BLOCK_CAPTURE_AUTORELEASING = YES;
				CLANG_WARN_BOOL_CONVERSION = YES;
				CLANG_WARN_COMMA = YES;
				CLANG_WARN_CONSTANT_CONVERSION = YES;
				CLANG_WARN_DEPRECATED_OBJC_IMPLEMENTATIONS = YES;
				CLANG_WARN_DIRECT_OBJC_ISA_USAGE = YES_ERROR;
				CLANG_WARN_DOCUMENTATION_COMMENTS = YES;
				CLANG_WARN_EMPTY_BODY = YES;
				CLANG_WARN_ENUM_CONVERSION = YES;
				CLANG_WARN_INFINITE_RECURSION = YES;
				CLANG_WARN_INT_CONVERSION = YES;
				CLANG_WARN_NON_LITERAL_NULL_CONVERSION = YES;
				CLANG_WARN_OBJC_IMPLICIT_RETAIN_SELF = YES;
				CLANG_WARN_OBJC_LITERAL_CONVERSION = YES;
				CLANG_WARN_OBJC_ROOT_CLASS = YES_ERROR;
				CLANG_WARN_RANGE_LOOP_ANALYSIS = YES;
				CLANG_WARN_STRICT_PROTOTYPES = YES;
				CLANG_WARN_SUSPICIOUS_MOVE = YES;
				CLANG_WARN_UNGUARDED_AVAILABILITY = YES_AGGRESSIVE;
				CLANG_WARN_UNREACHABLE_CODE = YES;
				CLANG_WARN__DUPLICATE_METHOD_MATCH = YES;
				COPY_PHASE_STRIP = NO;
				DEBUG_INFORMATION_FORMAT = "dwarf-with-dsym";
				ENABLE_NS_ASSERTIONS = NO;
				ENABLE_STRICT_OBJC_MSGSEND = YES;
				GCC_C_LANGUAGE_STANDARD = gnu11;
				GCC_NO_COMMON_BLOCKS = YES;
				GCC_WARN_64_TO_32_BIT_CONVERSION = YES;
				GCC_WARN_ABOUT_RETURN_TYPE = YES_ERROR;
				GCC_WARN_UNDECLARED_SELECTOR = YES;
				GCC_WARN_UNINITIALIZED_AUTOS = YES_AGGRESSIVE;
				GCC_WARN_UNUSED_FUNCTION = YES;
				GCC_WARN_UNUSED_VARIABLE = YES;
				IPHONEOS_DEPLOYMENT_TARGET = 13.5;
				MTL_ENABLE_DEBUG_INFO = NO;
				MTL_FAST_MATH = YES;
				SDKROOT = iphoneos;
				SWIFT_COMPILATION_MODE = wholemodule;
				SWIFT_OPTIMIZATION_LEVEL = "-O";
				VALIDATE_PRODUCT = YES;
			};
			name = Release;
		};
		ACF67A3D24CD0AF8001E7F1D /* Debug */ = {
			isa = XCBuildConfiguration;
			baseConfigurationReference = FA58E08E3983935CF73DD437 /* Pods-ProyectoDAM2.debug.xcconfig */;
			buildSettings = {
				ASSETCATALOG_COMPILER_APPICON_NAME = AppIcon;
				CODE_SIGN_STYLE = Automatic;
				INFOPLIST_FILE = ProyectoDAM2/Info.plist;
				LD_RUNPATH_SEARCH_PATHS = (
					"$(inherited)",
					"@executable_path/Frameworks",
				);
				PRODUCT_BUNDLE_IDENTIFIER = pe.edu.cibertec.ProyectoDAM2;
				PRODUCT_NAME = "$(TARGET_NAME)";
				SWIFT_VERSION = 5.0;
				TARGETED_DEVICE_FAMILY = "1,2";
			};
			name = Debug;
		};
		ACF67A3E24CD0AF8001E7F1D /* Release */ = {
			isa = XCBuildConfiguration;
			baseConfigurationReference = DBEAF574B15DEB57C3ED9F1E /* Pods-ProyectoDAM2.release.xcconfig */;
			buildSettings = {
				ASSETCATALOG_COMPILER_APPICON_NAME = AppIcon;
				CODE_SIGN_STYLE = Automatic;
				INFOPLIST_FILE = ProyectoDAM2/Info.plist;
				LD_RUNPATH_SEARCH_PATHS = (
					"$(inherited)",
					"@executable_path/Frameworks",
				);
				PRODUCT_BUNDLE_IDENTIFIER = pe.edu.cibertec.ProyectoDAM2;
				PRODUCT_NAME = "$(TARGET_NAME)";
				SWIFT_VERSION = 5.0;
				TARGETED_DEVICE_FAMILY = "1,2";
			};
			name = Release;
		};
/* End XCBuildConfiguration section */

/* Begin XCConfigurationList section */
		ACF67A2324CD0A8F001E7F1D /* Build configuration list for PBXProject "ProyectoDAM2" */ = {
			isa = XCConfigurationList;
			buildConfigurations = (
				ACF67A3A24CD0AF8001E7F1D /* Debug */,
				ACF67A3B24CD0AF8001E7F1D /* Release */,
			);
			defaultConfigurationIsVisible = 0;
			defaultConfigurationName = Release;
		};
		ACF67A3C24CD0AF8001E7F1D /* Build configuration list for PBXNativeTarget "ProyectoDAM2" */ = {
			isa = XCConfigurationList;
			buildConfigurations = (
				ACF67A3D24CD0AF8001E7F1D /* Debug */,
				ACF67A3E24CD0AF8001E7F1D /* Release */,
			);
			defaultConfigurationIsVisible = 0;
			defaultConfigurationName = Release;
		};
/* End XCConfigurationList section */
	};
	rootObject = ACF67A2024CD0A8F001E7F1D /* Project object */;
}
